
Microsoft Visual Studio Solution File, Format Version 12.00
# Visual Studio Version 16
VisualStudioVersion = 16.0.30114.105
MinimumVisualStudioVersion = 10.0.40219.1
Project("{FAE04EC0-301F-11D3-BF4B-00C04F79EFBC}") = "Example.WebApi", "example\Example.WebApi\Example.WebApi.csproj", "{7042AFEF-1F76-410A-8819-4DBB345013BB}"
EndProject
Project("{FAE04EC0-301F-11D3-BF4B-00C04F79EFBC}") = "TestToDocs.Test", "test\TestToDocs.Test\TestToDocs.Test.csproj", "{EF76EC70-80E4-4E12-B77A-3FB9C615BFA8}"
EndProject
Project("{FAE04EC0-301F-11D3-BF4B-00C04F79EFBC}") = "TestToDocs", "src\TestToDocs\TestToDocs.csproj", "{297B0289-17B5-4D3E-B9E2-B325DEC494DC}"
EndProject
Global
	GlobalSection(SolutionConfigurationPlatforms) = preSolution
		Debug|Any CPU = Debug|Any CPU
		Release|Any CPU = Release|Any CPU
	EndGlobalSection
	GlobalSection(SolutionProperties) = preSolution
		HideSolutionNode = FALSE
	EndGlobalSection
	GlobalSection(ProjectConfigurationPlatforms) = postSolution
		{7042AFEF-1F76-410A-8819-4DBB345013BB}.Debug|Any CPU.ActiveCfg = Debug|Any CPU
		{7042AFEF-1F76-410A-8819-4DBB345013BB}.Debug|Any CPU.Build.0 = Debug|Any CPU
		{7042AFEF-1F76-410A-8819-4DBB345013BB}.Release|Any CPU.ActiveCfg = Release|Any CPU
		{7042AFEF-1F76-410A-8819-4DBB345013BB}.Release|Any CPU.Build.0 = Release|Any CPU
		{EF76EC70-80E4-4E12-B77A-3FB9C615BFA8}.Debug|Any CPU.ActiveCfg = Debug|Any CPU
		{EF76EC70-80E4-4E12-B77A-3FB9C615BFA8}.Debug|Any CPU.Build.0 = Debug|Any CPU
		{EF76EC70-80E4-4E12-B77A-3FB9C615BFA8}.Release|Any CPU.ActiveCfg = Release|Any CPU
		{EF76EC70-80E4-4E12-B77A-3FB9C615BFA8}.Release|Any CPU.Build.0 = Release|Any CPU
		{297B0289-17B5-4D3E-B9E2-B325DEC494DC}.Debug|Any CPU.ActiveCfg = Debug|Any CPU
		{297B0289-17B5-4D3E-B9E2-B325DEC494DC}.Debug|Any CPU.Build.0 = Debug|Any CPU
		{297B0289-17B5-4D3E-B9E2-B325DEC494DC}.Release|Any CPU.ActiveCfg = Release|Any CPU
		{297B0289-17B5-4D3E-B9E2-B325DEC494DC}.Release|Any CPU.Build.0 = Release|Any CPU
	EndGlobalSection
EndGlobal
